
Microsoft Visual Studio Solution File, Format Version 12.00
# Visual Studio 15
VisualStudioVersion = 15.0.28307.960
MinimumVisualStudioVersion = 10.0.40219.1
Project("{FAE04EC0-301F-11D3-BF4B-00C04F79EFBC}") = "Senai.InLock.WebApi.DataBaseFirst", "Senai.InLock.WebApi.DataBaseFirst\Senai.InLock.WebApi.DataBaseFirst.csproj", "{2933454B-BBE3-4631-AE7C-803956250027}"
EndProject
Global
	GlobalSection(SolutionConfigurationPlatforms) = preSolution
		Debug|Any CPU = Debug|Any CPU
		Release|Any CPU = Release|Any CPU
	EndGlobalSection
	GlobalSection(ProjectConfigurationPlatforms) = postSolution
		{2933454B-BBE3-4631-AE7C-803956250027}.Debug|Any CPU.ActiveCfg = Debug|Any CPU
		{2933454B-BBE3-4631-AE7C-803956250027}.Debug|Any CPU.Build.0 = Debug|Any CPU
		{2933454B-BBE3-4631-AE7C-803956250027}.Release|Any CPU.ActiveCfg = Release|Any CPU
		{2933454B-BBE3-4631-AE7C-803956250027}.Release|Any CPU.Build.0 = Release|Any CPU
	EndGlobalSection
	GlobalSection(SolutionProperties) = preSolution
		HideSolutionNode = FALSE
	EndGlobalSection
	GlobalSection(ExtensibilityGlobals) = postSolution
		SolutionGuid = {D861B837-0DEE-420C-9E61-7BC244A1DF46}
	EndGlobalSection
EndGlobal
